
Microsoft Visual Studio Solution File, Format Version 12.00
# Visual Studio Version 17
VisualStudioVersion = 17.3.32819.101
MinimumVisualStudioVersion = 10.0.40219.1
Project("{FAE04EC0-301F-11D3-BF4B-00C04F79EFBC}") = "AutoDataGenerator", "AutoDataGenerator\AutoDataGenerator.csproj", "{D258642F-3C35-420F-9DA9-0E3B326B5CFE}"
EndProject
Global
	GlobalSection(SolutionConfigurationPlatforms) = preSolution
		Debug|Any CPU = Debug|Any CPU
		Release|Any CPU = Release|Any CPU
	EndGlobalSection
	GlobalSection(ProjectConfigurationPlatforms) = postSolution
		{D258642F-3C35-420F-9DA9-0E3B326B5CFE}.Debug|Any CPU.ActiveCfg = Debug|Any CPU
		{D258642F-3C35-420F-9DA9-0E3B326B5CFE}.Debug|Any CPU.Build.0 = Debug|Any CPU
		{D258642F-3C35-420F-9DA9-0E3B326B5CFE}.Release|Any CPU.ActiveCfg = Release|Any CPU
		{D258642F-3C35-420F-9DA9-0E3B326B5CFE}.Release|Any CPU.Build.0 = Release|Any CPU
	EndGlobalSection
	GlobalSection(SolutionProperties) = preSolution
		HideSolutionNode = FALSE
	EndGlobalSection
	GlobalSection(ExtensibilityGlobals) = postSolution
		SolutionGuid = {2141C650-D960-470E-8F7C-E9066CC83D81}
	EndGlobalSection
EndGlobal
